
Microsoft Visual Studio Solution File, Format Version 12.00
# Visual Studio Version 16
VisualStudioVersion = 16.0.30413.136
MinimumVisualStudioVersion = 10.0.40219.1
Project("{FAE04EC0-301F-11D3-BF4B-00C04F79EFBC}") = "pincode2", "pincode2\pincode2.csproj", "{5EFDB975-7BAC-4692-95C2-814077BA1488}"
EndProject
Global
	GlobalSection(SolutionConfigurationPlatforms) = preSolution
		Debug|Any CPU = Debug|Any CPU
		Release|Any CPU = Release|Any CPU
	EndGlobalSection
	GlobalSection(ProjectConfigurationPlatforms) = postSolution
		{5EFDB975-7BAC-4692-95C2-814077BA1488}.Debug|Any CPU.ActiveCfg = Debug|Any CPU
		{5EFDB975-7BAC-4692-95C2-814077BA1488}.Debug|Any CPU.Build.0 = Debug|Any CPU
		{5EFDB975-7BAC-4692-95C2-814077BA1488}.Release|Any CPU.ActiveCfg = Release|Any CPU
		{5EFDB975-7BAC-4692-95C2-814077BA1488}.Release|Any CPU.Build.0 = Release|Any CPU
	EndGlobalSection
	GlobalSection(SolutionProperties) = preSolution
		HideSolutionNode = FALSE
	EndGlobalSection
	GlobalSection(ExtensibilityGlobals) = postSolution
		SolutionGuid = {E95195D7-0A4A-4933-B7D4-9B736CD5CE0E}
	EndGlobalSection
EndGlobal
