
Microsoft Visual Studio Solution File, Format Version 12.00
# Visual Studio Version 16
VisualStudioVersion = 16.0.30503.244
MinimumVisualStudioVersion = 10.0.40219.1
Project("{FAE04EC0-301F-11D3-BF4B-00C04F79EFBC}") = "worpengenerator", "worpengenerator\worpengenerator.csproj", "{6AA9F464-C746-4C8E-A59F-2E7458D7D68A}"
EndProject
Global
	GlobalSection(SolutionConfigurationPlatforms) = preSolution
		Debug|Any CPU = Debug|Any CPU
		Release|Any CPU = Release|Any CPU
	EndGlobalSection
	GlobalSection(ProjectConfigurationPlatforms) = postSolution
		{6AA9F464-C746-4C8E-A59F-2E7458D7D68A}.Debug|Any CPU.ActiveCfg = Debug|Any CPU
		{6AA9F464-C746-4C8E-A59F-2E7458D7D68A}.Debug|Any CPU.Build.0 = Debug|Any CPU
		{6AA9F464-C746-4C8E-A59F-2E7458D7D68A}.Release|Any CPU.ActiveCfg = Release|Any CPU
		{6AA9F464-C746-4C8E-A59F-2E7458D7D68A}.Release|Any CPU.Build.0 = Release|Any CPU
	EndGlobalSection
	GlobalSection(SolutionProperties) = preSolution
		HideSolutionNode = FALSE
	EndGlobalSection
	GlobalSection(ExtensibilityGlobals) = postSolution
		SolutionGuid = {4409894B-D01E-4DE0-AA93-1EAC262AB15E}
	EndGlobalSection
EndGlobal
