
Microsoft Visual Studio Solution File, Format Version 12.00
# Visual Studio Version 16
VisualStudioVersion = 16.0.30517.126
MinimumVisualStudioVersion = 10.0.40219.1
Project("{FAE04EC0-301F-11D3-BF4B-00C04F79EFBC}") = "Extra opgaven herhalingsstructuren", "Extra opgaven herhalingsstructuren\Extra opgaven herhalingsstructuren.csproj", "{4ACD5988-1C2D-441E-9E51-131B351951AF}"
EndProject
Global
	GlobalSection(SolutionConfigurationPlatforms) = preSolution
		Debug|Any CPU = Debug|Any CPU
		Release|Any CPU = Release|Any CPU
	EndGlobalSection
	GlobalSection(ProjectConfigurationPlatforms) = postSolution
		{4ACD5988-1C2D-441E-9E51-131B351951AF}.Debug|Any CPU.ActiveCfg = Debug|Any CPU
		{4ACD5988-1C2D-441E-9E51-131B351951AF}.Debug|Any CPU.Build.0 = Debug|Any CPU
		{4ACD5988-1C2D-441E-9E51-131B351951AF}.Release|Any CPU.ActiveCfg = Release|Any CPU
		{4ACD5988-1C2D-441E-9E51-131B351951AF}.Release|Any CPU.Build.0 = Release|Any CPU
	EndGlobalSection
	GlobalSection(SolutionProperties) = preSolution
		HideSolutionNode = FALSE
	EndGlobalSection
	GlobalSection(ExtensibilityGlobals) = postSolution
		SolutionGuid = {8B6015C1-CF08-4045-A977-37FA08476676}
	EndGlobalSection
EndGlobal
